{
  "originHash" : "a4f21a3c34c7e8fd12b8c61de201d2df35bb63fd1a3f67351db6605ff12df23f",
  "pins" : [
    {
      "identity" : "zbitboard",
      "kind" : "remoteSourceControl",
      "location" : "https://github.com/zobiejrz/zBitboard",
      "state" : {
        "revision" : "71c5329544c29200554d67c2b967be92b6b0c0d4",
        "version" : "0.3.0"
      }
    },
    {
      "identity" : "zchesskit",
      "kind" : "remoteSourceControl",
      "location" : "https://github.com/zobiejrz/zChessKit",
      "state" : {
        "branch" : "simplify",
        "revision" : "339b7e27cd752d0df062b4ac88c530a6abcc7785"
      }
    }
  ],
  "version" : 3
}
